
Microsoft Visual Studio Solution File, Format Version 12.00
# Visual Studio Version 16
VisualStudioVersion = 16.0.30804.86
MinimumVisualStudioVersion = 10.0.40219.1
Project("{FAE04EC0-301F-11D3-BF4B-00C04F79EFBC}") = "InterfacesAndPolymorphismMosh", "InterfacesAndPolymorphismMosh\InterfacesAndPolymorphismMosh.csproj", "{4BDA6B5E-D97A-4A99-A1AD-0ADB23B5BDCF}"
EndProject
Global
	GlobalSection(SolutionConfigurationPlatforms) = preSolution
		Debug|Any CPU = Debug|Any CPU
		Release|Any CPU = Release|Any CPU
	EndGlobalSection
	GlobalSection(ProjectConfigurationPlatforms) = postSolution
		{4BDA6B5E-D97A-4A99-A1AD-0ADB23B5BDCF}.Debug|Any CPU.ActiveCfg = Debug|Any CPU
		{4BDA6B5E-D97A-4A99-A1AD-0ADB23B5BDCF}.Debug|Any CPU.Build.0 = Debug|Any CPU
		{4BDA6B5E-D97A-4A99-A1AD-0ADB23B5BDCF}.Release|Any CPU.ActiveCfg = Release|Any CPU
		{4BDA6B5E-D97A-4A99-A1AD-0ADB23B5BDCF}.Release|Any CPU.Build.0 = Release|Any CPU
	EndGlobalSection
	GlobalSection(SolutionProperties) = preSolution
		HideSolutionNode = FALSE
	EndGlobalSection
	GlobalSection(ExtensibilityGlobals) = postSolution
		SolutionGuid = {1B208543-8693-4B05-995F-BF3056185B89}
	EndGlobalSection
EndGlobal
