
Microsoft Visual Studio Solution File, Format Version 12.00
# Visual Studio Version 16
VisualStudioVersion = 16.0.30804.86
MinimumVisualStudioVersion = 10.0.40219.1
Project("{FAE04EC0-301F-11D3-BF4B-00C04F79EFBC}") = "LinkedListImplementation", "LinkedListImplementation\LinkedListImplementation.csproj", "{30370AEA-EE58-47DF-A10F-0C55C07ADE8E}"
EndProject
Global
	GlobalSection(SolutionConfigurationPlatforms) = preSolution
		Debug|Any CPU = Debug|Any CPU
		Release|Any CPU = Release|Any CPU
	EndGlobalSection
	GlobalSection(ProjectConfigurationPlatforms) = postSolution
		{30370AEA-EE58-47DF-A10F-0C55C07ADE8E}.Debug|Any CPU.ActiveCfg = Debug|Any CPU
		{30370AEA-EE58-47DF-A10F-0C55C07ADE8E}.Debug|Any CPU.Build.0 = Debug|Any CPU
		{30370AEA-EE58-47DF-A10F-0C55C07ADE8E}.Release|Any CPU.ActiveCfg = Release|Any CPU
		{30370AEA-EE58-47DF-A10F-0C55C07ADE8E}.Release|Any CPU.Build.0 = Release|Any CPU
	EndGlobalSection
	GlobalSection(SolutionProperties) = preSolution
		HideSolutionNode = FALSE
	EndGlobalSection
	GlobalSection(ExtensibilityGlobals) = postSolution
		SolutionGuid = {76616B14-39DE-4184-BCE6-D4ADB847096F}
	EndGlobalSection
EndGlobal
