
Microsoft Visual Studio Solution File, Format Version 12.00
# Visual Studio Version 16
VisualStudioVersion = 16.0.30804.86
MinimumVisualStudioVersion = 10.0.40219.1
Project("{FAE04EC0-301F-11D3-BF4B-00C04F79EFBC}") = "Algorithms1", "Algorithms1\Algorithms1.csproj", "{0991686B-4208-4A15-9712-77A10F72B6F0}"
EndProject
Global
	GlobalSection(SolutionConfigurationPlatforms) = preSolution
		Debug|Any CPU = Debug|Any CPU
		Release|Any CPU = Release|Any CPU
	EndGlobalSection
	GlobalSection(ProjectConfigurationPlatforms) = postSolution
		{0991686B-4208-4A15-9712-77A10F72B6F0}.Debug|Any CPU.ActiveCfg = Debug|Any CPU
		{0991686B-4208-4A15-9712-77A10F72B6F0}.Debug|Any CPU.Build.0 = Debug|Any CPU
		{0991686B-4208-4A15-9712-77A10F72B6F0}.Release|Any CPU.ActiveCfg = Release|Any CPU
		{0991686B-4208-4A15-9712-77A10F72B6F0}.Release|Any CPU.Build.0 = Release|Any CPU
	EndGlobalSection
	GlobalSection(SolutionProperties) = preSolution
		HideSolutionNode = FALSE
	EndGlobalSection
	GlobalSection(ExtensibilityGlobals) = postSolution
		SolutionGuid = {28ED2E96-D6C6-4E28-A720-FAD397FC06EF}
	EndGlobalSection
EndGlobal
